
Microsoft Visual Studio Solution File, Format Version 12.00
# Visual Studio 14
VisualStudioVersion = 14.0.22609.0
MinimumVisualStudioVersion = 10.0.40219.1
Project("{FAE04EC0-301F-11D3-BF4B-00C04F79EFBC}") = "HTTP2Example", "HTTP2Example\HTTP2Example.csproj", "{9D5864D3-D696-4AA9-8B4F-5564F3A18200}"
EndProject
Project("{FAE04EC0-301F-11D3-BF4B-00C04F79EFBC}") = "RoslynCodeDOMExample", "RoslynCodeDOMExample\RoslynCodeDOMExample.csproj", "{CD48AF76-A598-4FAD-8B94-4538EFF09A5F}"
EndProject
Project("{FAE04EC0-301F-11D3-BF4B-00C04F79EFBC}") = "AsynchronousModelBindingExample", "AsynchronousModelBindingExample\AsynchronousModelBindingExample.csproj", "{F2B9E23B-8C89-4EA5-A0E5-29B14FA08328}"
EndProject
Global
	GlobalSection(SolutionConfigurationPlatforms) = preSolution
		Debug|Any CPU = Debug|Any CPU
		Release|Any CPU = Release|Any CPU
	EndGlobalSection
	GlobalSection(ProjectConfigurationPlatforms) = postSolution
		{9D5864D3-D696-4AA9-8B4F-5564F3A18200}.Debug|Any CPU.ActiveCfg = Debug|Any CPU
		{9D5864D3-D696-4AA9-8B4F-5564F3A18200}.Debug|Any CPU.Build.0 = Debug|Any CPU
		{9D5864D3-D696-4AA9-8B4F-5564F3A18200}.Release|Any CPU.ActiveCfg = Release|Any CPU
		{9D5864D3-D696-4AA9-8B4F-5564F3A18200}.Release|Any CPU.Build.0 = Release|Any CPU
		{CD48AF76-A598-4FAD-8B94-4538EFF09A5F}.Debug|Any CPU.ActiveCfg = Debug|Any CPU
		{CD48AF76-A598-4FAD-8B94-4538EFF09A5F}.Debug|Any CPU.Build.0 = Debug|Any CPU
		{CD48AF76-A598-4FAD-8B94-4538EFF09A5F}.Release|Any CPU.ActiveCfg = Release|Any CPU
		{CD48AF76-A598-4FAD-8B94-4538EFF09A5F}.Release|Any CPU.Build.0 = Release|Any CPU
		{F2B9E23B-8C89-4EA5-A0E5-29B14FA08328}.Debug|Any CPU.ActiveCfg = Debug|Any CPU
		{F2B9E23B-8C89-4EA5-A0E5-29B14FA08328}.Debug|Any CPU.Build.0 = Debug|Any CPU
		{F2B9E23B-8C89-4EA5-A0E5-29B14FA08328}.Release|Any CPU.ActiveCfg = Release|Any CPU
		{F2B9E23B-8C89-4EA5-A0E5-29B14FA08328}.Release|Any CPU.Build.0 = Release|Any CPU
	EndGlobalSection
	GlobalSection(SolutionProperties) = preSolution
		HideSolutionNode = FALSE
	EndGlobalSection
EndGlobal
